// !$*UTF8*$!
{
	archiveVersion = 1;
	classes = {
	};
	objectVersion = 46;
	objects = {

/* Begin PBXBuildFile section */
		35F5EC0B00A38D23C739C4CE /* Pods_CirclesBot.framework in Frameworks */ = {isa = PBXBuildFile; fileRef = 73313EBC89385F3A5F8AAAB8 /* Pods_CirclesBot.framework */; };
		4032EED1202CAAF8008B962A /* AppDelegate.swift in Sources */ = {isa = PBXBuildFile; fileRef = 4032EED0202CAAF8008B962A /* AppDelegate.swift */; };
		4032EED3202CAAF8008B962A /* ViewController.swift in Sources */ = {isa = PBXBuildFile; fileRef = 4032EED2202CAAF8008B962A /* ViewController.swift */; };
		4032EED6202CAAF8008B962A /* Main.storyboard in Resources */ = {isa = PBXBuildFile; fileRef = 4032EED4202CAAF8008B962A /* Main.storyboard */; };
		4032EED8202CAAF8008B962A /* Assets.xcassets in Resources */ = {isa = PBXBuildFile; fileRef = 4032EED7202CAAF8008B962A /* Assets.xcassets */; };
		4032EEDB202CAAF8008B962A /* LaunchScreen.storyboard in Resources */ = {isa = PBXBuildFile; fileRef = 4032EED9202CAAF8008B962A /* LaunchScreen.storyboard */; };
		4032EEE3202CAF94008B962A /* User.swift in Sources */ = {isa = PBXBuildFile; fileRef = 4032EEE2202CAF94008B962A /* User.swift */; };
		4032EEE5202CC4BD008B962A /* ChatStore.swift in Sources */ = {isa = PBXBuildFile; fileRef = 4032EEE4202CC4BD008B962A /* ChatStore.swift */; };
		4032EEE7202CC90D008B962A /* NetworkHelper.swift in Sources */ = {isa = PBXBuildFile; fileRef = 4032EEE6202CC90D008B962A /* NetworkHelper.swift */; };
		4032EEE9202CCEDF008B962A /* MicrosoftAPI.swift in Sources */ = {isa = PBXBuildFile; fileRef = 4032EEE8202CCEDF008B962A /* MicrosoftAPI.swift */; };
		40BAF78D202D96460065DD27 /* Credentials.swift in Sources */ = {isa = PBXBuildFile; fileRef = 40BAF78C202D96460065DD27 /* Credentials.swift */; };
/* End PBXBuildFile section */

/* Begin PBXFileReference section */
		3591F82E8E92AD08864645AA /* Pods-CirclesBot.debug.xcconfig */ = {isa = PBXFileReference; includeInIndex = 1; lastKnownFileType = text.xcconfig; name = "Pods-CirclesBot.debug.xcconfig"; path = "Pods/Target Support Files/Pods-CirclesBot/Pods-CirclesBot.debug.xcconfig"; sourceTree = "<group>"; };
		4032EECD202CAAF8008B962A /* CirclesBot.app */ = {isa = PBXFileReference; explicitFileType = wrapper.application; includeInIndex = 0; path = CirclesBot.app; sourceTree = BUILT_PRODUCTS_DIR; };
		4032EED0202CAAF8008B962A /* AppDelegate.swift */ = {isa = PBXFileReference; lastKnownFileType = sourcecode.swift; path = AppDelegate.swift; sourceTree = "<group>"; };
		4032EED2202CAAF8008B962A /* ViewController.swift */ = {isa = PBXFileReference; lastKnownFileType = sourcecode.swift; path = ViewController.swift; sourceTree = "<group>"; };
		4032EED5202CAAF8008B962A /* Base */ = {isa = PBXFileReference; lastKnownFileType = file.storyboard; name = Base; path = Base.lproj/Main.storyboard; sourceTree = "<group>"; };
		4032EED7202CAAF8008B962A /* Assets.xcassets */ = {isa = PBXFileReference; lastKnownFileType = folder.assetcatalog; path = Assets.xcassets; sourceTree = "<group>"; };
		4032EEDA202CAAF8008B962A /* Base */ = {isa = PBXFileReference; lastKnownFileType = file.storyboard; name = Base; path = Base.lproj/LaunchScreen.storyboard; sourceTree = "<group>"; };
		4032EEDC202CAAF8008B962A /* Info.plist */ = {isa = PBXFileReference; lastKnownFileType = text.plist.xml; path = Info.plist; sourceTree = "<group>"; };
		4032EEE2202CAF94008B962A /* User.swift */ = {isa = PBXFileReference; fileEncoding = 4; lastKnownFileType = sourcecode.swift; path = User.swift; sourceTree = "<group>"; };
		4032EEE4202CC4BD008B962A /* ChatStore.swift */ = {isa = PBXFileReference; fileEncoding = 4; lastKnownFileType = sourcecode.swift; path = ChatStore.swift; sourceTree = "<group>"; };
		4032EEE6202CC90D008B962A /* NetworkHelper.swift */ = {isa = PBXFileReference; fileEncoding = 4; lastKnownFileType = sourcecode.swift; path = NetworkHelper.swift; sourceTree = "<group>"; };
		4032EEE8202CCEDF008B962A /* MicrosoftAPI.swift */ = {isa = PBXFileReference; fileEncoding = 4; lastKnownFileType = sourcecode.swift; path = MicrosoftAPI.swift; sourceTree = "<group>"; };
		40BAF78C202D96460065DD27 /* Credentials.swift */ = {isa = PBXFileReference; fileEncoding = 4; lastKnownFileType = sourcecode.swift; path = Credentials.swift; sourceTree = "<group>"; };
		73313EBC89385F3A5F8AAAB8 /* Pods_CirclesBot.framework */ = {isa = PBXFileReference; explicitFileType = wrapper.framework; includeInIndex = 0; path = Pods_CirclesBot.framework; sourceTree = BUILT_PRODUCTS_DIR; };
		796EB1E3A0D1275015AC2956 /* Pods-CirclesBot.release.xcconfig */ = {isa = PBXFileReference; includeInIndex = 1; lastKnownFileType = text.xcconfig; name = "Pods-CirclesBot.release.xcconfig"; path = "Pods/Target Support Files/Pods-CirclesBot/Pods-CirclesBot.release.xcconfig"; sourceTree = "<group>"; };
/* End PBXFileReference section */

/* Begin PBXFrameworksBuildPhase section */
		4032EECA202CAAF8008B962A /* Frameworks */ = {
			isa = PBXFrameworksBuildPhase;
			buildActionMask = 2147483647;
			files = (
				35F5EC0B00A38D23C739C4CE /* Pods_CirclesBot.framework in Frameworks */,
			);
			runOnlyForDeploymentPostprocessing = 0;
		};
/* End PBXFrameworksBuildPhase section */

/* Begin PBXGroup section */
		2FB58CFBB76A3BB280461012 /* Frameworks */ = {
			isa = PBXGroup;
			children = (
				73313EBC89385F3A5F8AAAB8 /* Pods_CirclesBot.framework */,
			);
			name = Frameworks;
			sourceTree = "<group>";
		};
		4032EEC4202CAAF8008B962A = {
			isa = PBXGroup;
			children = (
				4032EECF202CAAF8008B962A /* CirclesBot */,
				4032EECE202CAAF8008B962A /* Products */,
				9094250A8784AFB1E257A684 /* Pods */,
				2FB58CFBB76A3BB280461012 /* Frameworks */,
			);
			sourceTree = "<group>";
		};
		4032EECE202CAAF8008B962A /* Products */ = {
			isa = PBXGroup;
			children = (
				4032EECD202CAAF8008B962A /* CirclesBot.app */,
			);
			name = Products;
			sourceTree = "<group>";
		};
		4032EECF202CAAF8008B962A /* CirclesBot */ = {
			isa = PBXGroup;
			children = (
				4032EED0202CAAF8008B962A /* AppDelegate.swift */,
				4032EED2202CAAF8008B962A /* ViewController.swift */,
				4032EED4202CAAF8008B962A /* Main.storyboard */,
				4032EED7202CAAF8008B962A /* Assets.xcassets */,
				4032EED9202CAAF8008B962A /* LaunchScreen.storyboard */,
				4032EEDC202CAAF8008B962A /* Info.plist */,
				4032EEE2202CAF94008B962A /* User.swift */,
				4032EEE4202CC4BD008B962A /* ChatStore.swift */,
				4032EEE6202CC90D008B962A /* NetworkHelper.swift */,
				4032EEE8202CCEDF008B962A /* MicrosoftAPI.swift */,
				40BAF78C202D96460065DD27 /* Credentials.swift */,
			);
			path = CirclesBot;
			sourceTree = "<group>";
		};
		9094250A8784AFB1E257A684 /* Pods */ = {
			isa = PBXGroup;
			children = (
				3591F82E8E92AD08864645AA /* Pods-CirclesBot.debug.xcconfig */,
				796EB1E3A0D1275015AC2956 /* Pods-CirclesBot.release.xcconfig */,
			);
			name = Pods;
			sourceTree = "<group>";
		};
/* End PBXGroup section */

/* Begin PBXNativeTarget section */
		4032EECC202CAAF8008B962A /* CirclesBot */ = {
			isa = PBXNativeTarget;
			buildConfigurationList = 4032EEDF202CAAF8008B962A /* Build configuration list for PBXNativeTarget "CirclesBot" */;
			buildPhases = (
				C4B6C8F1352155D1A6D1F12F /* [CP] Check Pods Manifest.lock */,
				4032EEC9202CAAF8008B962A /* Sources */,
				4032EECA202CAAF8008B962A /* Frameworks */,
				4032EECB202CAAF8008B962A /* Resources */,
				6CB312A65FCF699FDADCE398 /* [CP] Embed Pods Frameworks */,
				7011AEDB6FD360DE55F50350 /* [CP] Copy Pods Resources */,
			);
			buildRules = (
			);
			dependencies = (
			);
			name = CirclesBot;
			productName = CirclesBot;
			productReference = 4032EECD202CAAF8008B962A /* CirclesBot.app */;
			productType = "com.apple.product-type.application";
		};
/* End PBXNativeTarget section */

/* Begin PBXProject section */
		4032EEC5202CAAF8008B962A /* Project object */ = {
			isa = PBXProject;
			attributes = {
				LastSwiftUpdateCheck = 0830;
				LastUpgradeCheck = 0830;
				ORGANIZATIONNAME = com.arunsivakumar;
				TargetAttributes = {
					4032EECC202CAAF8008B962A = {
						CreatedOnToolsVersion = 8.3.3;
						DevelopmentTeam = Q5S947L7K7;
						ProvisioningStyle = Automatic;
					};
				};
			};
			buildConfigurationList = 4032EEC8202CAAF8008B962A /* Build configuration list for PBXProject "CirclesBot" */;
			compatibilityVersion = "Xcode 3.2";
			developmentRegion = English;
			hasScannedForEncodings = 0;
			knownRegions = (
				en,
				Base,
			);
			mainGroup = 4032EEC4202CAAF8008B962A;
			productRefGroup = 4032EECE202CAAF8008B962A /* Products */;
			projectDirPath = "";
			projectRoot = "";
			targets = (
				4032EECC202CAAF8008B962A /* CirclesBot */,
			);
		};
/* End PBXProject section */

/* Begin PBXResourcesBuildPhase section */
		4032EECB202CAAF8008B962A /* Resources */ = {
			isa = PBXResourcesBuildPhase;
			buildActionMask = 2147483647;
			files = (
				4032EEDB202CAAF8008B962A /* LaunchScreen.storyboard in Resources */,
				4032EED8202CAAF8008B962A /* Assets.xcassets in Resources */,
				4032EED6202CAAF8008B962A /* Main.storyboard in Resources */,
			);
			runOnlyForDeploymentPostprocessing = 0;
		};
/* End PBXResourcesBuildPhase section */

/* Begin PBXShellScriptBuildPhase section */
		6CB312A65FCF699FDADCE398 /* [CP] Embed Pods Frameworks */ = {
			isa = PBXShellScriptBuildPhase;
			buildActionMask = 2147483647;
			files = (
			);
			inputPaths = (
				"${SRCROOT}/Pods/Target Support Files/Pods-CirclesBot/Pods-CirclesBot-frameworks.sh",
				"${BUILT_PRODUCTS_DIR}/Alamofire/Alamofire.framework",
				"${BUILT_PRODUCTS_DIR}/JSQMessagesViewController/JSQMessagesViewController.framework",
				"${BUILT_PRODUCTS_DIR}/JSQSystemSoundPlayer/JSQSystemSoundPlayer.framework",
				"${BUILT_PRODUCTS_DIR}/SwiftyJSON/SwiftyJSON.framework",
			);
			name = "[CP] Embed Pods Frameworks";
			outputPaths = (
				"${TARGET_BUILD_DIR}/${FRAMEWORKS_FOLDER_PATH}/Alamofire.framework",
				"${TARGET_BUILD_DIR}/${FRAMEWORKS_FOLDER_PATH}/JSQMessagesViewController.framework",
				"${TARGET_BUILD_DIR}/${FRAMEWORKS_FOLDER_PATH}/JSQSystemSoundPlayer.framework",
				"${TARGET_BUILD_DIR}/${FRAMEWORKS_FOLDER_PATH}/SwiftyJSON.framework",
			);
			runOnlyForDeploymentPostprocessing = 0;
			shellPath = /bin/sh;
			shellScript = "\"${SRCROOT}/Pods/Target Support Files/Pods-CirclesBot/Pods-CirclesBot-frameworks.sh\"\n";
			showEnvVarsInLog = 0;
		};
		7011AEDB6FD360DE55F50350 /* [CP] Copy Pods Resources */ = {
			isa = PBXShellScriptBuildPhase;
			buildActionMask = 2147483647;
			files = (
			);
			inputPaths = (
			);
			name = "[CP] Copy Pods Resources";
			outputPaths = (
			);
			runOnlyForDeploymentPostprocessing = 0;
			shellPath = /bin/sh;
			shellScript = "\"${SRCROOT}/Pods/Target Support Files/Pods-CirclesBot/Pods-CirclesBot-resources.sh\"\n";
			showEnvVarsInLog = 0;
		};
		C4B6C8F1352155D1A6D1F12F /* [CP] Check Pods Manifest.lock */ = {
			isa = PBXShellScriptBuildPhase;
			buildActionMask = 2147483647;
			files = (
			);
			inputPaths = (
				"${PODS_PODFILE_DIR_PATH}/Podfile.lock",
				"${PODS_ROOT}/Manifest.lock",
			);
			name = "[CP] Check Pods Manifest.lock";
			outputPaths = (
				"$(DERIVED_FILE_DIR)/Pods-CirclesBot-checkManifestLockResult.txt",
			);
			runOnlyForDeploymentPostprocessing = 0;
			shellPath = /bin/sh;
			shellScript = "diff \"${PODS_PODFILE_DIR_PATH}/Podfile.lock\" \"${PODS_ROOT}/Manifest.lock\" > /dev/null\nif [ $? != 0 ] ; then\n    # print error to STDERR\n    echo \"error: The sandbox is not in sync with the Podfile.lock. Run 'pod install' or update your CocoaPods installation.\" >&2\n    exit 1\nfi\n# This output is used by Xcode 'outputs' to avoid re-running this script phase.\necho \"SUCCESS\" > \"${SCRIPT_OUTPUT_FILE_0}\"\n";
			showEnvVarsInLog = 0;
		};
/* End PBXShellScriptBuildPhase section */

/* Begin PBXSourcesBuildPhase section */
		4032EEC9202CAAF8008B962A /* Sources */ = {
			isa = PBXSourcesBuildPhase;
			buildActionMask = 2147483647;
			files = (
				4032EED3202CAAF8008B962A /* ViewController.swift in Sources */,
				4032EEE9202CCEDF008B962A /* MicrosoftAPI.swift in Sources */,
				4032EED1202CAAF8008B962A /* AppDelegate.swift in Sources */,
				40BAF78D202D96460065DD27 /* Credentials.swift in Sources */,
				4032EEE7202CC90D008B962A /* NetworkHelper.swift in Sources */,
				4032EEE3202CAF94008B962A /* User.swift in Sources */,
				4032EEE5202CC4BD008B962A /* ChatStore.swift in Sources */,
			);
			runOnlyForDeploymentPostprocessing = 0;
		};
/* End PBXSourcesBuildPhase section */

/* Begin PBXVariantGroup section */
		4032EED4202CAAF8008B962A /* Main.storyboard */ = {
			isa = PBXVariantGroup;
			children = (
				4032EED5202CAAF8008B962A /* Base */,
			);
			name = Main.storyboard;
			sourceTree = "<group>";
		};
		4032EED9202CAAF8008B962A /* LaunchScreen.storyboard */ = {
			isa = PBXVariantGroup;
			children = (
				4032EEDA202CAAF8008B962A /* Base */,
			);
			name = LaunchScreen.storyboard;
			sourceTree = "<group>";
		};
/* End PBXVariantGroup section */

/* Begin XCBuildConfiguration section */
		4032EEDD202CAAF8008B962A /* Debug */ = {
			isa = XCBuildConfiguration;
			buildSettings = {
				ALWAYS_SEARCH_USER_PATHS = NO;
				CLANG_ANALYZER_NONNULL = YES;
				CLANG_ANALYZER_NUMBER_OBJECT_CONVERSION = YES_AGGRESSIVE;
				CLANG_CXX_LANGUAGE_STANDARD = "gnu++0x";
				CLANG_CXX_LIBRARY = "libc++";
				CLANG_ENABLE_MODULES = YES;
				CLANG_ENABLE_OBJC_ARC = YES;
				CLANG_WARN_BOOL_CONVERSION = YES;
				CLANG_WARN_CONSTANT_CONVERSION = YES;
				CLANG_WARN_DIRECT_OBJC_ISA_USAGE = YES_ERROR;
				CLANG_WARN_DOCUMENTATION_COMMENTS = YES;
				CLANG_WARN_EMPTY_BODY = YES;
				CLANG_WARN_ENUM_CONVERSION = YES;
				CLANG_WARN_INFINITE_RECURSION = YES;
				CLANG_WARN_INT_CONVERSION = YES;
				CLANG_WARN_OBJC_ROOT_CLASS = YES_ERROR;
				CLANG_WARN_SUSPICIOUS_MOVE = YES;
				CLANG_WARN_UNREACHABLE_CODE = YES;
				CLANG_WARN__DUPLICATE_METHOD_MATCH = YES;
				"CODE_SIGN_IDENTITY[sdk=iphoneos*]" = "iPhone Developer";
				COPY_PHASE_STRIP = NO;
				DEBUG_INFORMATION_FORMAT = dwarf;
				ENABLE_STRICT_OBJC_MSGSEND = YES;
				ENABLE_TESTABILITY = YES;
				GCC_C_LANGUAGE_STANDARD = gnu99;
				GCC_DYNAMIC_NO_PIC = NO;
				GCC_NO_COMMON_BLOCKS = YES;
				GCC_OPTIMIZATION_LEVEL = 0;
				GCC_PREPROCESSOR_DEFINITIONS = (
					"DEBUG=1",
					"$(inherited)",
				);
				GCC_WARN_64_TO_32_BIT_CONVERSION = YES;
				GCC_WARN_ABOUT_RETURN_TYPE = YES_ERROR;
				GCC_WARN_UNDECLARED_SELECTOR = YES;
				GCC_WARN_UNINITIALIZED_AUTOS = YES_AGGRESSIVE;
				GCC_WARN_UNUSED_FUNCTION = YES;
				GCC_WARN_UNUSED_VARIABLE = YES;
				IPHONEOS_DEPLOYMENT_TARGET = 10.3;
				MTL_ENABLE_DEBUG_INFO = YES;
				ONLY_ACTIVE_ARCH = YES;
				SDKROOT = iphoneos;
				SWIFT_ACTIVE_COMPILATION_CONDITIONS = DEBUG;
				SWIFT_OPTIMIZATION_LEVEL = "-Onone";
			};
			name = Debug;
		};
		4032EEDE202CAAF8008B962A /* Release */ = {
			isa = XCBuildConfiguration;
			buildSettings = {
				ALWAYS_SEARCH_USER_PATHS = NO;
				CLANG_ANALYZER_NONNULL = YES;
				CLANG_ANALYZER_NUMBER_OBJECT_CONVERSION = YES_AGGRESSIVE;
				CLANG_CXX_LANGUAGE_STANDARD = "gnu++0x";
				CLANG_CXX_LIBRARY = "libc++";
				CLANG_ENABLE_MODULES = YES;
				CLANG_ENABLE_OBJC_ARC = YES;
				CLANG_WARN_BOOL_CONVERSION = YES;
				CLANG_WARN_CONSTANT_CONVERSION = YES;
				CLANG_WARN_DIRECT_OBJC_ISA_USAGE = YES_ERROR;
				CLANG_WARN_DOCUMENTATION_COMMENTS = YES;
				CLANG_WARN_EMPTY_BODY = YES;
				CLANG_WARN_ENUM_CONVERSION = YES;
				CLANG_WARN_INFINITE_RECURSION = YES;
				CLANG_WARN_INT_CONVERSION = YES;
				CLANG_WARN_OBJC_ROOT_CLASS = YES_ERROR;
				CLANG_WARN_SUSPICIOUS_MOVE = YES;
				CLANG_WARN_UNREACHABLE_CODE = YES;
				CLANG_WARN__DUPLICATE_METHOD_MATCH = YES;
				"CODE_SIGN_IDENTITY[sdk=iphoneos*]" = "iPhone Developer";
				COPY_PHASE_STRIP = NO;
				DEBUG_INFORMATION_FORMAT = "dwarf-with-dsym";
				ENABLE_NS_ASSERTIONS = NO;
				ENABLE_STRICT_OBJC_MSGSEND = YES;
				GCC_C_LANGUAGE_STANDARD = gnu99;
				GCC_NO_COMMON_BLOCKS = YES;
				GCC_WARN_64_TO_32_BIT_CONVERSION = YES;
				GCC_WARN_ABOUT_RETURN_TYPE = YES_ERROR;
				GCC_WARN_UNDECLARED_SELECTOR = YES;
				GCC_WARN_UNINITIALIZED_AUTOS = YES_AGGRESSIVE;
				GCC_WARN_UNUSED_FUNCTION = YES;
				GCC_WARN_UNUSED_VARIABLE = YES;
				IPHONEOS_DEPLOYMENT_TARGET = 10.3;
				MTL_ENABLE_DEBUG_INFO = NO;
				SDKROOT = iphoneos;
				SWIFT_OPTIMIZATION_LEVEL = "-Owholemodule";
				VALIDATE_PRODUCT = YES;
			};
			name = Release;
		};
		4032EEE0202CAAF8008B962A /* Debug */ = {
			isa = XCBuildConfiguration;
			baseConfigurationReference = 3591F82E8E92AD08864645AA /* Pods-CirclesBot.debug.xcconfig */;
			buildSettings = {
				ASSETCATALOG_COMPILER_APPICON_NAME = AppIcon;
				DEVELOPMENT_TEAM = Q5S947L7K7;
				INFOPLIST_FILE = CirclesBot/Info.plist;
				LD_RUNPATH_SEARCH_PATHS = "$(inherited) @executable_path/Frameworks";
				PRODUCT_BUNDLE_IDENTIFIER = com.arunsivakumar.CirclesBot;
				PRODUCT_NAME = "$(TARGET_NAME)";
				SWIFT_VERSION = 3.0;
			};
			name = Debug;
		};
		4032EEE1202CAAF8008B962A /* Release */ = {
			isa = XCBuildConfiguration;
			baseConfigurationReference = 796EB1E3A0D1275015AC2956 /* Pods-CirclesBot.release.xcconfig */;
			buildSettings = {
				ASSETCATALOG_COMPILER_APPICON_NAME = AppIcon;
				DEVELOPMENT_TEAM = Q5S947L7K7;
				INFOPLIST_FILE = CirclesBot/Info.plist;
				LD_RUNPATH_SEARCH_PATHS = "$(inherited) @executable_path/Frameworks";
				PRODUCT_BUNDLE_IDENTIFIER = com.arunsivakumar.CirclesBot;
				PRODUCT_NAME = "$(TARGET_NAME)";
				SWIFT_VERSION = 3.0;
			};
			name = Release;
		};
/* End XCBuildConfiguration section */

/* Begin XCConfigurationList section */
		4032EEC8202CAAF8008B962A /* Build configuration list for PBXProject "CirclesBot" */ = {
			isa = XCConfigurationList;
			buildConfigurations = (
				4032EEDD202CAAF8008B962A /* Debug */,
				4032EEDE202CAAF8008B962A /* Release */,
			);
			defaultConfigurationIsVisible = 0;
			defaultConfigurationName = Release;
		};
		4032EEDF202CAAF8008B962A /* Build configuration list for PBXNativeTarget "CirclesBot" */ = {
			isa = XCConfigurationList;
			buildConfigurations = (
				4032EEE0202CAAF8008B962A /* Debug */,
				4032EEE1202CAAF8008B962A /* Release */,
			);
			defaultConfigurationIsVisible = 0;
			defaultConfigurationName = Release;
		};
/* End XCConfigurationList section */
	};
	rootObject = 4032EEC5202CAAF8008B962A /* Project object */;
}
